
Microsoft Visual Studio Solution File, Format Version 12.00
# Visual Studio 15
VisualStudioVersion = 15.0.33919.361
MinimumVisualStudioVersion = 10.0.40219.1
Project("{FAE04EC0-301F-11D3-BF4B-00C04F79EFBC}") = "ontap_cuoiki", "ontap_cuoiki\ontap_cuoiki.csproj", "{DAEBC7FF-1197-4852-AF03-10D65A2A7C44}"
EndProject
Global
	GlobalSection(SolutionConfigurationPlatforms) = preSolution
		Debug|Any CPU = Debug|Any CPU
		Release|Any CPU = Release|Any CPU
	EndGlobalSection
	GlobalSection(ProjectConfigurationPlatforms) = postSolution
		{DAEBC7FF-1197-4852-AF03-10D65A2A7C44}.Debug|Any CPU.ActiveCfg = Debug|Any CPU
		{DAEBC7FF-1197-4852-AF03-10D65A2A7C44}.Debug|Any CPU.Build.0 = Debug|Any CPU
		{DAEBC7FF-1197-4852-AF03-10D65A2A7C44}.Release|Any CPU.ActiveCfg = Release|Any CPU
		{DAEBC7FF-1197-4852-AF03-10D65A2A7C44}.Release|Any CPU.Build.0 = Release|Any CPU
	EndGlobalSection
	GlobalSection(SolutionProperties) = preSolution
		HideSolutionNode = FALSE
	EndGlobalSection
	GlobalSection(ExtensibilityGlobals) = postSolution
		SolutionGuid = {AD4C6F30-AA8B-4402-866D-94132032DA6C}
	EndGlobalSection
EndGlobal
